
Microsoft Visual Studio Solution File, Format Version 12.00
# Visual Studio Version 17
VisualStudioVersion = 17.14.36915.13 d17.14
MinimumVisualStudioVersion = 10.0.40219.1
Project("{FAE04EC0-301F-11D3-BF4B-00C04F79EFBC}") = "CyberBotSA", "sound\CyberBotSA.csproj", "{1743FB84-992D-46D5-BC37-532708FDE1CB}"
EndProject
Global
	GlobalSection(SolutionConfigurationPlatforms) = preSolution
		Debug|Any CPU = Debug|Any CPU
		Release|Any CPU = Release|Any CPU
	EndGlobalSection
	GlobalSection(ProjectConfigurationPlatforms) = postSolution
		{1743FB84-992D-46D5-BC37-532708FDE1CB}.Debug|Any CPU.ActiveCfg = Debug|Any CPU
		{1743FB84-992D-46D5-BC37-532708FDE1CB}.Debug|Any CPU.Build.0 = Debug|Any CPU
		{1743FB84-992D-46D5-BC37-532708FDE1CB}.Release|Any CPU.ActiveCfg = Release|Any CPU
		{1743FB84-992D-46D5-BC37-532708FDE1CB}.Release|Any CPU.Build.0 = Release|Any CPU
	EndGlobalSection
	GlobalSection(SolutionProperties) = preSolution
		HideSolutionNode = FALSE
	EndGlobalSection
	GlobalSection(ExtensibilityGlobals) = postSolution
		SolutionGuid = {D013C964-5970-4C3E-A049-827830B09191}
	EndGlobalSection
EndGlobal
